{
  "requires": true,
  "lockfileVersion": 1,
  "dependencies": {
    "adler-32": {
      "version": "1.1.0",
      "resolved": "https://ecdevops.eu/repository/npm-all/adler-32/-/adler-32-1.1.0.tgz",
      "integrity": "sha1-A1UaXH8O371PyPoSpoFJeOq2UcM=",
      "requires": {
        "exit-on-epipe": "1.0.1",
        "printj": "1.1.1"
      }
    },
    "cfb": {
      "version": "1.0.2",
      "resolved": "https://ecdevops.eu/repository/npm-all/cfb/-/cfb-1.0.2.tgz",
      "integrity": "sha1-9R2bvltdHnVwBYHWgiLy70bsIUI=",
      "requires": {
        "commander": "2.13.0",
        "printj": "1.1.1"
      },
      "dependencies": {
        "commander": {
          "version": "2.13.0",
          "resolved": "https://ecdevops.eu/repository/npm-all/commander/-/commander-2.13.0.tgz",
          "integrity": "sha512-MVuS359B+YzaWqjCL/c+22gfryv+mCBPHAv3zyVI2GN8EY6IRP8VwtasXn8jyyhvvq84R4ImN1OKRtcbIasjYA=="
        }
      }
    },
    "codepage": {
      "version": "1.11.1",
      "resolved": "https://ecdevops.eu/repository/npm-all/codepage/-/codepage-1.11.1.tgz",
      "integrity": "sha1-hkcjl+pbLNuwe3cBalEkd6PLiCM=",
      "requires": {
        "commander": "2.11.0",
        "exit-on-epipe": "1.0.1",
        "voc": "1.0.0"
      }
    },
    "colors": {
      "version": "1.1.2",
      "resolved": "https://ecdevops.eu/repository/npm-all/colors/-/colors-1.1.2.tgz",
      "integrity": "sha1-FopHAXVran9RoSzgyXv6KMCE7WM="
    },
    "commander": {
      "version": "2.11.0",
      "resolved": "https://ecdevops.eu/repository/npm-all/commander/-/commander-2.11.0.tgz",
      "integrity": "sha512-b0553uYA5YAEGgyYIGYROzKQ7X5RAqedkfjiZxwi0kL1g3bOaBNNZfYkzt/CL0umgD5wc9Jec2FbB98CjkMRvQ=="
    },
    "crc-32": {
      "version": "1.1.1",
      "resolved": "https://ecdevops.eu/repository/npm-all/crc-32/-/crc-32-1.1.1.tgz",
      "integrity": "sha1-XXOdXkxuNSrYME1zIj1IP+Va240=",
      "requires": {
        "exit-on-epipe": "1.0.1",
        "printj": "1.1.1"
      }
    },
    "exit-on-epipe": {
      "version": "1.0.1",
      "resolved": "https://ecdevops.eu/repository/npm-all/exit-on-epipe/-/exit-on-epipe-1.0.1.tgz",
      "integrity": "sha512-h2z5mrROTxce56S+pnvAV890uu7ls7f1kEvVGJbw1OlFH3/mlJ5bkXu0KRyW94v37zzHPiUd55iLn3DA7TjWpw=="
    },
    "frac": {
      "version": "1.1.1",
      "resolved": "https://ecdevops.eu/repository/npm-all/frac/-/frac-1.1.1.tgz",
      "integrity": "sha512-UKV4N/r4PQQgdjrmiI5XOv+dII8OgwXQaEIUNj/vH1KtvaTwIBRwVobAWwEKPK7HLJmSwru/1a1A88TB/DtxZg==",
      "requires": {
        "voc": "1.0.0"
      }
    },
    "graceful-fs": {
      "version": "4.1.11",
      "resolved": "https://ecdevops.eu/repository/npm-all/graceful-fs/-/graceful-fs-4.1.11.tgz",
      "integrity": "sha1-Dovf5NHduIVNZOBOp8AOKgJuVlg="
    },
    "jsonfile": {
      "version": "4.0.0",
      "resolved": "https://ecdevops.eu/repository/npm-all/jsonfile/-/jsonfile-4.0.0.tgz",
      "integrity": "sha1-h3Gq4HmbZAdrdmQPygWPnBDjPss=",
      "requires": {
        "graceful-fs": "4.1.11"
      }
    },
    "printj": {
      "version": "1.1.1",
      "resolved": "https://ecdevops.eu/repository/npm-all/printj/-/printj-1.1.1.tgz",
      "integrity": "sha512-92lwY69sNMFVtJz9GswmGEN8n5ClTJJzQflshyN1hBHRX5XWphhDWobIY6BaFPGbS4JGlMZJ0735zTijdpfRsA=="
    },
    "sql-json-generator": {
      "version": "0.12.0",
      "resolved": "https://ecdevops.eu/repository/npm-all/sql-json-generator/-/sql-json-generator-0.12.0.tgz",
      "integrity": "sha1-gBVxa0WQ8VvvLG7SVRKXunLT8yo=",
      "requires": {
        "colors": "1.1.2",
        "sqlstring": "2.3.0"
      }
    },
    "sqlstring": {
      "version": "2.3.0",
      "resolved": "https://ecdevops.eu/repository/npm-all/sqlstring/-/sqlstring-2.3.0.tgz",
      "integrity": "sha1-UluKT9Jtb3GqYegipsr5dtMa0qg="
    },
    "ssf": {
      "version": "0.10.1",
      "resolved": "https://ecdevops.eu/repository/npm-all/ssf/-/ssf-0.10.1.tgz",
      "integrity": "sha1-8j2CtjeS71YIkInBzQyEjpEc26Y=",
      "requires": {
        "frac": "1.1.1"
      }
    },
    "voc": {
      "version": "1.0.0",
      "resolved": "https://ecdevops.eu/repository/npm-all/voc/-/voc-1.0.0.tgz",
      "integrity": "sha512-mQwxWlK+zosxxDTqiFb9ZQBNgd794scgkhVwca7h9sEhvA52f3VzbOK+TOWeS8eSrFXnfuKrxElSPc5oLAetfw=="
    },
    "xlsx": {
      "version": "0.11.17",
      "resolved": "https://ecdevops.eu/repository/npm-all/xlsx/-/xlsx-0.11.17.tgz",
      "integrity": "sha1-UHRh+5eDrQr+HPdRrrWZVukyMto=",
      "requires": {
        "adler-32": "1.1.0",
        "cfb": "1.0.2",
        "codepage": "1.11.1",
        "commander": "2.11.0",
        "crc-32": "1.1.1",
        "exit-on-epipe": "1.0.1",
        "ssf": "0.10.1"
      }
    }
  }
}
